
Microsoft Visual Studio Solution File, Format Version 12.00
# Visual Studio Version 17
VisualStudioVersion = 17.3.32819.101
MinimumVisualStudioVersion = 10.0.40219.1
Project("{2150E333-8FDC-42A3-9474-1A3956D46DE8}") = "Solution Items", "Solution Items", "{7E7F1D61-B7BA-4E43-9826-551473F02040}"
	ProjectSection(SolutionItems) = preProject
		.editorconfig = .editorconfig
		Directory.Build.props = Directory.Build.props
	EndProjectSection
EndProject
Project("{9A19103F-16F7-4668-BE54-9A1E7A4F7556}") = "StonecuttingExtended 1.4", "StonecuttingExtended 1.4\StonecuttingExtended 1.4.csproj", "{395C9A8A-FB70-4EBC-AFC5-809F148CD5EE}"
EndProject
Project("{9A19103F-16F7-4668-BE54-9A1E7A4F7556}") = "StonecuttingExtended 1.3", "StonecuttingExtended 1.3\StonecuttingExtended 1.3.csproj", "{291B4DCD-4226-4036-B5DB-6098A5D02D59}"
EndProject
Project("{9A19103F-16F7-4668-BE54-9A1E7A4F7556}") = "StonecuttingExtended 1.5", "StonecuttingExtended 1.5\StonecuttingExtended 1.5.csproj", "{F08F13ED-E70A-4263-AB17-F3AA1695CCD5}"
EndProject
Project("{FAE04EC0-301F-11D3-BF4B-00C04F79EFBC}") = "StonecuttingExtended 1.6", "StonecuttingExtended 1.6\StonecuttingExtended 1.6.csproj", "{F7B9B91E-BCF2-31A6-1C80-ABBC3B0B9512}"
EndProject
Global
	GlobalSection(SolutionConfigurationPlatforms) = preSolution
		Debug|Any CPU = Debug|Any CPU
		Release|Any CPU = Release|Any CPU
	EndGlobalSection
	GlobalSection(ProjectConfigurationPlatforms) = postSolution
		{395C9A8A-FB70-4EBC-AFC5-809F148CD5EE}.Debug|Any CPU.ActiveCfg = Debug|Any CPU
		{395C9A8A-FB70-4EBC-AFC5-809F148CD5EE}.Debug|Any CPU.Build.0 = Debug|Any CPU
		{395C9A8A-FB70-4EBC-AFC5-809F148CD5EE}.Release|Any CPU.ActiveCfg = Release|Any CPU
		{395C9A8A-FB70-4EBC-AFC5-809F148CD5EE}.Release|Any CPU.Build.0 = Release|Any CPU
		{291B4DCD-4226-4036-B5DB-6098A5D02D59}.Debug|Any CPU.ActiveCfg = Debug|Any CPU
		{291B4DCD-4226-4036-B5DB-6098A5D02D59}.Debug|Any CPU.Build.0 = Debug|Any CPU
		{291B4DCD-4226-4036-B5DB-6098A5D02D59}.Release|Any CPU.ActiveCfg = Release|Any CPU
		{291B4DCD-4226-4036-B5DB-6098A5D02D59}.Release|Any CPU.Build.0 = Release|Any CPU
		{F08F13ED-E70A-4263-AB17-F3AA1695CCD5}.Debug|Any CPU.ActiveCfg = Debug|Any CPU
		{F08F13ED-E70A-4263-AB17-F3AA1695CCD5}.Debug|Any CPU.Build.0 = Debug|Any CPU
		{F08F13ED-E70A-4263-AB17-F3AA1695CCD5}.Release|Any CPU.ActiveCfg = Release|Any CPU
		{F08F13ED-E70A-4263-AB17-F3AA1695CCD5}.Release|Any CPU.Build.0 = Release|Any CPU
		{F7B9B91E-BCF2-31A6-1C80-ABBC3B0B9512}.Debug|Any CPU.ActiveCfg = Debug|Any CPU
		{F7B9B91E-BCF2-31A6-1C80-ABBC3B0B9512}.Debug|Any CPU.Build.0 = Debug|Any CPU
		{F7B9B91E-BCF2-31A6-1C80-ABBC3B0B9512}.Release|Any CPU.ActiveCfg = Release|Any CPU
		{F7B9B91E-BCF2-31A6-1C80-ABBC3B0B9512}.Release|Any CPU.Build.0 = Release|Any CPU
	EndGlobalSection
	GlobalSection(SolutionProperties) = preSolution
		HideSolutionNode = FALSE
	EndGlobalSection
	GlobalSection(ExtensibilityGlobals) = postSolution
		SolutionGuid = {6B6C1E42-55AA-4C41-A507-FBD00F210224}
	EndGlobalSection
EndGlobal
